<?xml version="1.0" encoding="UTF-8"?>
<Scheme
   LastUpgradeVersion = "0900"
   version = "1.3">
   <BuildAction
      parallelizeBuildables = "YES"
      buildImplicitDependencies = "YES">
      <BuildActionEntries>
         <BuildActionEntry
            buildForTesting = "YES"
            buildForRunning = "YES"
            buildForProfiling = "YES"
            buildForArchiving = "YES"
            buildForAnalyzing = "YES">
            <BuildableReference
               BuildableIdentifier = "primary"
               BlueprintIdentifier = "3C1B2178219745A6000BA15A"
               BuildableName = "cpp2lua"
               BlueprintName = "cpp2lua"
               ReferencedContainer = "container:cpp2lua.xcodeproj">
            </BuildableReference>
         </BuildActionEntry>
      </BuildActionEntries>
   </BuildAction>
   <TestAction
      buildConfiguration = "Debug"
      selectedDebuggerIdentifier = "Xcode.DebuggerFoundation.Debugger.LLDB"
      selectedLauncherIdentifier = "Xcode.DebuggerFoundation.Launcher.LLDB"
      language = ""
      shouldUseLaunchSchemeArgsEnv = "YES">
      <Testables>
      </Testables>
      <MacroExpansion>
         <BuildableReference
            BuildableIdentifier = "primary"
            BlueprintIdentifier = "3C1B2178219745A6000BA15A"
            BuildableName = "cpp2lua"
            BlueprintName = "cpp2lua"
            ReferencedContainer = "container:cpp2lua.xcodeproj">
         </BuildableReference>
      </MacroExpansion>
      <AdditionalOptions>
      </AdditionalOptions>
   </TestAction>
   <LaunchAction
      buildConfiguration = "Debug"
      selectedDebuggerIdentifier = "Xcode.DebuggerFoundation.Debugger.LLDB"
      selectedLauncherIdentifier = "Xcode.DebuggerFoundation.Launcher.LLDB"
      language = ""
      launchStyle = "0"
      useCustomWorkingDirectory = "NO"
      ignoresPersistentStateOnLaunch = "NO"
      debugDocumentVersioning = "YES"
      debugServiceExtension = "internal"
      allowLocationSimulation = "YES">
      <BuildableProductRunnable
         runnableDebuggingMode = "0">
         <BuildableReference
            BuildableIdentifier = "primary"
            BlueprintIdentifier = "3C1B2178219745A6000BA15A"
            BuildableName = "cpp2lua"
            BlueprintName = "cpp2lua"
            ReferencedContainer = "container:cpp2lua.xcodeproj">
         </BuildableReference>
      </BuildableProductRunnable>
      <CommandLineArguments>
         <CommandLineArgument
            argument = "/Users/sql/sqlwork/cpp2lua/src/Test.cpp"
            isEnabled = "NO">
         </CommandLineArgument>
         <CommandLineArgument
            argument = "/Users/sql/sqlwork/mm0306/IF/Classes/view/popup/tenpumping/TenpumpingView.cpp"
            isEnabled = "YES">
         </CommandLineArgument>
         <CommandLineArgument
            argument = "-- -I. /Users/sql/sqlwork/cpp2lua/src -I/usr/local/Cellar/llvm/7.0.0/include/c++/v1/  -I/usr/local/Cellar/llvm/7.0.0/lib/clang/7.0.0/include -I/Users/sql/sqlwork/mm0306/IF/Classes -I/Users/sql/sqlwork/mm0306/IF/Classes/config -I/Users/sql/sqlwork/mm0306/IF/Classes/controller -I/Users/sql/sqlwork/mm0306/IF/Classes/Ext -I/Users/sql/sqlwork/mm0306/IF/Classes/lua -I/Users/sql/sqlwork/mm0306/IF/Classes/model -I/Users/sql/sqlwork/mm0306/IF/Classes/Net -I/Users/sql/sqlwork/mm0306/IF/Classes/scene -I/Users/sql/sqlwork/mm0306/IF/Classes/sdk -I/Users/sql/sqlwork/mm0306/IF/Classes/utils -I/Users/sql/sqlwork/mm0306/IF/Classes/view -I/Users/sql/sqlwork/mm0306/IF/Classes/controller/mail -I/Users/sql/sqlwork/mm0306/IF/Classes/controller/saveHero -I/Users/sql/sqlwork/mm0306/IF/Classes/controller/uiTutorial -I/Users/sql/sqlwork/mm0306/IF/Classes/Ext/GUI -I/Users/sql/sqlwork/mm0306/IF/Classes/Ext/newTerrain -I/Users/sql/sqlwork/mm0306/IF/Classes/Ext/shaders -I/Users/sql/sqlwork/mm0306/IF/Classes/Ext/GUI/CCRichLabel -I/Users/sql/sqlwork/mm0306/IF/Classes/Ext/GUI/WebView -I/Users/sql/sqlwork/mm0306/IF/Classes/lua/auto -I/Users/sql/sqlwork/mm0306/IF/Classes/lua/fflua -I/Users/sql/sqlwork/mm0306/IF/Classes/lua/manual -I/Users/sql/sqlwork/mm0306/IF/Classes/lua/auto/api -I/Users/sql/sqlwork/mm0306/IF/Classes/Net/command -I/Users/sql/sqlwork/mm0306/IF/Classes/Net/push -I/Users/sql/sqlwork/mm0306/IF/Classes/Net/command/alliance -I/Users/sql/sqlwork/mm0306/IF/Classes/Net/command/dragon -I/Users/sql/sqlwork/mm0306/IF/Classes/scene/battle -I/Users/sql/sqlwork/mm0306/IF/Classes/scene/cropscene -I/Users/sql/sqlwork/mm0306/IF/Classes/scene/dragon -I/Users/sql/sqlwork/mm0306/IF/Classes/scene/KillZombie -I/Users/sql/sqlwork/mm0306/IF/Classes/scene/loading -I/Users/sql/sqlwork/mm0306/IF/Classes/scene/world -I/Users/sql/sqlwork/mm0306/IF/Classes/scene/world/world_node -I/Users/sql/sqlwork/mm0306/IF/Classes/scene/world/world_ui -I/Users/sql/sqlwork/mm0306/IF/Classes/sdk/Adjust -I/Users/sql/sqlwork/mm0306/IF/Classes/sdk/aihelp -I/Users/sql/sqlwork/mm0306/IF/Classes/sdk/GCloudVoice -I/Users/sql/sqlwork/mm0306/IF/Classes/sdk/GCloudVoice/include -I/Users/sql/sqlwork/mm0306/IF/Classes/sdk/GCloudVoice/libs -I/Users/sql/sqlwork/mm0306/IF/Classes/sdk/GCloudVoice/libs/Android -I/Users/sql/sqlwork/mm0306/IF/Classes/sdk/GCloudVoice/libs/iOS -I/Users/sql/sqlwork/mm0306/IF/Classes/sdk/GCloudVoice/libs/Android/armeabi -I/Users/sql/sqlwork/mm0306/IF/Classes/sdk/GCloudVoice/libs/Android/armeabi-v7a -I/Users/sql/sqlwork/mm0306/IF/Classes/sdk/GCloudVoice/libs/Android/x86 -I/Users/sql/sqlwork/mm0306/IF/Classes/sdk/GCloudVoice/libs/iOS/GCloudVoice.bundle -I/Users/sql/sqlwork/mm0306/IF/Classes/sdk/GCloudVoice/libs/iOS/GCloudVoice.bundle/files -I/Users/sql/sqlwork/mm0306/IF/Classes/sdk/GCloudVoice/libs/iOS/GCloudVoice.bundle/images -I/Users/sql/sqlwork/mm0306/IF/Classes/view/ccbconfig -I/Users/sql/sqlwork/mm0306/IF/Classes/view/dragonView -I/Users/sql/sqlwork/mm0306/IF/Classes/view/fogView -I/Users/sql/sqlwork/mm0306/IF/Classes/view/guide -I/Users/sql/sqlwork/mm0306/IF/Classes/view/guiExt -I/Users/sql/sqlwork/mm0306/IF/Classes/view/popup -I/Users/sql/sqlwork/mm0306/IF/Classes/view/shootZombie -I/Users/sql/sqlwork/mm0306/IF/Classes/view/skill -I/Users/sql/sqlwork/mm0306/IF/Classes/view/titans -I/Users/sql/sqlwork/mm0306/IF/Classes/view/transition -I/Users/sql/sqlwork/mm0306/IF/Classes/view/uiTutorial -I/Users/sql/sqlwork/mm0306/IF/Classes/view/utils -I/Users/sql/sqlwork/mm0306/IF/Classes/view/Widget -I/Users/sql/sqlwork/mm0306/IF/Classes/view/popup/achievement -I/Users/sql/sqlwork/mm0306/IF/Classes/view/popup/alliance -I/Users/sql/sqlwork/mm0306/IF/Classes/view/popup/christmas2016 -I/Users/sql/sqlwork/mm0306/IF/Classes/view/popup/CrossServiceActivity -I/Users/sql/sqlwork/mm0306/IF/Classes/view/popup/DailyActive -I/Users/sql/sqlwork/mm0306/IF/Classes/view/popup/dragonBattle -I/Users/sql/sqlwork/mm0306/IF/Classes/view/popup/Emoji -I/Users/sql/sqlwork/mm0306/IF/Classes/view/popup/facebook -I/Users/sql/sqlwork/mm0306/IF/Classes/view/popup/GoldExchangeRecommed -I/Users/sql/sqlwork/mm0306/IF/Classes/view/popup/HeadFrame -I/Users/sql/sqlwork/mm0306/IF/Classes/view/popup/heros -I/Users/sql/sqlwork/mm0306/IF/Classes/view/popup/kingdom -I/Users/sql/sqlwork/mm0306/IF/Classes/view/popup/Lottery -I/Users/sql/sqlwork/mm0306/IF/Classes/view/popup/mail -I/Users/sql/sqlwork/mm0306/IF/Classes/view/popup/NewFamousCity -I/Users/sql/sqlwork/mm0306/IF/Classes/view/popup/quickUseTools -I/Users/sql/sqlwork/mm0306/IF/Classes/view/popup/RedBag -I/Users/sql/sqlwork/mm0306/IF/Classes/view/popup/saveHero -I/Users/sql/sqlwork/mm0306/IF/Classes/view/popup/serverList -I/Users/sql/sqlwork/mm0306/IF/Classes/view/popup/Stone -I/Users/sql/sqlwork/mm0306/IF/Classes/view/popup/tenpumping -I/Users/sql/sqlwork/mm0306/IF/Classes/view/popup/TestFeedBack -I/Users/sql/sqlwork/mm0306/IF/Classes/view/popup/TrainDragon -I/Users/sql/sqlwork/mm0306/IF/Classes/view/popup/ZombieSoldier -I/Users/sql/sqlwork/mm0306/IF/Classes/view/utils/action -I/Users/sql/sqlwork/mm0306/IF/Classes/view/utils/ui  -I/Users/sql/sqlwork/mm0306/IF/libs -I/Users/sql/sqlwork/mm0306/IF/libs/rapidxml -I/Users/sql/sqlwork/mm0306/cocos2d/cocos -I/Users/sql/sqlwork/mm0306/cocos2d/extensions -I/Users/sql/sqlwork/mm0306/cocos2d -I/Users/sql/sqlwork/mm0306/cocos2d/external -I/Users/sql/sqlwork/mm0306/cocos2d/cocos/editor-support -I/Users/sql/sqlwork/mm0306/cocos2d/external/curl/include/ios -Wall -Wno-inconsistent-missing-override -Wno-expansion-to-defined -Wno-reorder -Wno-unused-private-field -Wno-trigraphs -Wno-missing-field-initializers -Wno-missing-prototypes -Wno-non-virtual-dtor -Wno-overloaded-virtual -Wno-exit-time-destructors -Wno-missing-braces -Wparentheses -Wswitch -Wno-unused-function -Wno-unused-label -Wno-unused-parameter -Wunused-variable -Wunused-value -Wno-empty-body -Wno-uninitialized -Wno-unknown-pragmas -Wno-shadow -Wno-four-char-constants -Wno-conversion -Wno-constant-conversion -Wno-int-conversion -Wno-bool-conversion -Wno-enum-conversion -Wno-shorten-64-to-32 -Wno-newline-eof -Wno-c++11-extensions -Wdeprecated-declarations -Winvalid-offsetof -Wno-sign-conversion -Wno-infinite-recursion -Wno-move -Wno-format-security -Wno-format -Wno-missing-declarations -Wno-unused-variable -Wno-null-arithmetic -Wno-shorten-64-to-32 -Wno-deprecated-declarations -Wno-protocol -Wno-objc-autosynthesis-property-ivar-name-match -Wno-objc-method-access -Wno-incompatible-pointer-types -DDEBUG -DUSE_FILE32API -DCOCOS2D_DEBUG=1 -DCC_TARGET_OS_IPHONE -DCC_ENABLE_CHIPMUNK_INTEGRATION=1 -isysroot /Applications/Xcode.app/Contents/Developer/Platforms/iPhoneSimulator.platform/Developer/SDKs/iPhoneSimulator11.0.sdk -x c++ -std=gnu++11 -stdlib=libc++"
            isEnabled = "YES">
         </CommandLineArgument>
      </CommandLineArguments>
      <AdditionalOptions>
      </AdditionalOptions>
   </LaunchAction>
   <ProfileAction
      buildConfiguration = "Release"
      shouldUseLaunchSchemeArgsEnv = "YES"
      savedToolIdentifier = ""
      useCustomWorkingDirectory = "NO"
      debugDocumentVersioning = "YES">
      <BuildableProductRunnable
         runnableDebuggingMode = "0">
         <BuildableReference
            BuildableIdentifier = "primary"
            BlueprintIdentifier = "3C1B2178219745A6000BA15A"
            BuildableName = "cpp2lua"
            BlueprintName = "cpp2lua"
            ReferencedContainer = "container:cpp2lua.xcodeproj">
         </BuildableReference>
      </BuildableProductRunnable>
   </ProfileAction>
   <AnalyzeAction
      buildConfiguration = "Debug">
   </AnalyzeAction>
   <ArchiveAction
      buildConfiguration = "Release"
      revealArchiveInOrganizer = "YES">
   </ArchiveAction>
</Scheme>
